
Microsoft Visual Studio Solution File, Format Version 12.00
# Visual Studio Version 16
VisualStudioVersion = 16.0.30128.74
MinimumVisualStudioVersion = 10.0.40219.1
Project("{FAE04EC0-301F-11D3-BF4B-00C04F79EFBC}") = "AngularApp", "AngularApp\AngularApp.csproj", "{FB88E0CF-45C2-47C1-9665-F55925A571AA}"
EndProject
Global
	GlobalSection(SolutionConfigurationPlatforms) = preSolution
		Debug|Any CPU = Debug|Any CPU
		Release|Any CPU = Release|Any CPU
	EndGlobalSection
	GlobalSection(ProjectConfigurationPlatforms) = postSolution
		{FB88E0CF-45C2-47C1-9665-F55925A571AA}.Debug|Any CPU.ActiveCfg = Debug|Any CPU
		{FB88E0CF-45C2-47C1-9665-F55925A571AA}.Debug|Any CPU.Build.0 = Debug|Any CPU
		{FB88E0CF-45C2-47C1-9665-F55925A571AA}.Release|Any CPU.ActiveCfg = Release|Any CPU
		{FB88E0CF-45C2-47C1-9665-F55925A571AA}.Release|Any CPU.Build.0 = Release|Any CPU
	EndGlobalSection
	GlobalSection(SolutionProperties) = preSolution
		HideSolutionNode = FALSE
	EndGlobalSection
	GlobalSection(ExtensibilityGlobals) = postSolution
		SolutionGuid = {C8E7A4B1-06EB-449B-AB10-881D3C376E2B}
	EndGlobalSection
EndGlobal
